// !$*UTF8*$!
{
	archiveVersion = 1;
	classes = {
	};
	objectVersion = 50;
	objects = {

/* Begin PBXBuildFile section */
		794BE6EC255BC4CB00EACBAD /* AppDelegate.swift in Sources */ = {isa = PBXBuildFile; fileRef = 794BE6EB255BC4CB00EACBAD /* AppDelegate.swift */; };
		794BE6EE255BC4CB00EACBAD /* SceneDelegate.swift in Sources */ = {isa = PBXBuildFile; fileRef = 794BE6ED255BC4CB00EACBAD /* SceneDelegate.swift */; };
		794BE6F0255BC4CB00EACBAD /* ViewController.swift in Sources */ = {isa = PBXBuildFile; fileRef = 794BE6EF255BC4CB00EACBAD /* ViewController.swift */; };
		794BE6F3255BC4CB00EACBAD /* Main.storyboard in Resources */ = {isa = PBXBuildFile; fileRef = 794BE6F1255BC4CB00EACBAD /* Main.storyboard */; };
		794BE6F5255BC4CE00EACBAD /* Assets.xcassets in Resources */ = {isa = PBXBuildFile; fileRef = 794BE6F4255BC4CE00EACBAD /* Assets.xcassets */; };
		794BE6F8255BC4CE00EACBAD /* LaunchScreen.storyboard in Resources */ = {isa = PBXBuildFile; fileRef = 794BE6F6255BC4CE00EACBAD /* LaunchScreen.storyboard */; };
		794BE701255BCBB900EACBAD /* Quiz.swift in Sources */ = {isa = PBXBuildFile; fileRef = 794BE700255BCBB900EACBAD /* Quiz.swift */; };
/* End PBXBuildFile section */

/* Begin PBXFileReference section */
		794BE6E8255BC4CB00EACBAD /* WordQuiz.app */ = {isa = PBXFileReference; explicitFileType = wrapper.application; includeInIndex = 0; path = WordQuiz.app; sourceTree = BUILT_PRODUCTS_DIR; };
		794BE6EB255BC4CB00EACBAD /* AppDelegate.swift */ = {isa = PBXFileReference; lastKnownFileType = sourcecode.swift; path = AppDelegate.swift; sourceTree = "<group>"; };
		794BE6ED255BC4CB00EACBAD /* SceneDelegate.swift */ = {isa = PBXFileReference; lastKnownFileType = sourcecode.swift; path = SceneDelegate.swift; sourceTree = "<group>"; };
		794BE6EF255BC4CB00EACBAD /* ViewController.swift */ = {isa = PBXFileReference; lastKnownFileType = sourcecode.swift; path = ViewController.swift; sourceTree = "<group>"; };
		794BE6F2255BC4CB00EACBAD /* Base */ = {isa = PBXFileReference; lastKnownFileType = file.storyboard; name = Base; path = Base.lproj/Main.storyboard; sourceTree = "<group>"; };
		794BE6F4255BC4CE00EACBAD /* Assets.xcassets */ = {isa = PBXFileReference; lastKnownFileType = folder.assetcatalog; path = Assets.xcassets; sourceTree = "<group>"; };
		794BE6F7255BC4CE00EACBAD /* Base */ = {isa = PBXFileReference; lastKnownFileType = file.storyboard; name = Base; path = Base.lproj/LaunchScreen.storyboard; sourceTree = "<group>"; };
		794BE6F9255BC4CE00EACBAD /* Info.plist */ = {isa = PBXFileReference; lastKnownFileType = text.plist.xml; path = Info.plist; sourceTree = "<group>"; };
		794BE700255BCBB900EACBAD /* Quiz.swift */ = {isa = PBXFileReference; lastKnownFileType = sourcecode.swift; path = Quiz.swift; sourceTree = "<group>"; };
/* End PBXFileReference section */

/* Begin PBXFrameworksBuildPhase section */
		794BE6E5255BC4CB00EACBAD /* Frameworks */ = {
			isa = PBXFrameworksBuildPhase;
			buildActionMask = 2147483647;
			files = (
			);
			runOnlyForDeploymentPostprocessing = 0;
		};
/* End PBXFrameworksBuildPhase section */

/* Begin PBXGroup section */
		794BE6DF255BC4CB00EACBAD = {
			isa = PBXGroup;
			children = (
				794BE6EA255BC4CB00EACBAD /* WordQuiz */,
				794BE6E9255BC4CB00EACBAD /* Products */,
			);
			sourceTree = "<group>";
		};
		794BE6E9255BC4CB00EACBAD /* Products */ = {
			isa = PBXGroup;
			children = (
				794BE6E8255BC4CB00EACBAD /* WordQuiz.app */,
			);
			name = Products;
			sourceTree = "<group>";
		};
		794BE6EA255BC4CB00EACBAD /* WordQuiz */ = {
			isa = PBXGroup;
			children = (
				794BE6EB255BC4CB00EACBAD /* AppDelegate.swift */,
				794BE6ED255BC4CB00EACBAD /* SceneDelegate.swift */,
				794BE6EF255BC4CB00EACBAD /* ViewController.swift */,
				794BE6F1255BC4CB00EACBAD /* Main.storyboard */,
				794BE700255BCBB900EACBAD /* Quiz.swift */,
				794BE6F4255BC4CE00EACBAD /* Assets.xcassets */,
				794BE6F6255BC4CE00EACBAD /* LaunchScreen.storyboard */,
				794BE6F9255BC4CE00EACBAD /* Info.plist */,
			);
			path = WordQuiz;
			sourceTree = "<group>";
		};
/* End PBXGroup section */

/* Begin PBXNativeTarget section */
		794BE6E7255BC4CB00EACBAD /* WordQuiz */ = {
			isa = PBXNativeTarget;
			buildConfigurationList = 794BE6FC255BC4CE00EACBAD /* Build configuration list for PBXNativeTarget "WordQuiz" */;
			buildPhases = (
				794BE6E4255BC4CB00EACBAD /* Sources */,
				794BE6E5255BC4CB00EACBAD /* Frameworks */,
				794BE6E6255BC4CB00EACBAD /* Resources */,
			);
			buildRules = (
			);
			dependencies = (
			);
			name = WordQuiz;
			productName = WordQuiz;
			productReference = 794BE6E8255BC4CB00EACBAD /* WordQuiz.app */;
			productType = "com.apple.product-type.application";
		};
/* End PBXNativeTarget section */

/* Begin PBXProject section */
		794BE6E0255BC4CB00EACBAD /* Project object */ = {
			isa = PBXProject;
			attributes = {
				LastSwiftUpdateCheck = 1210;
				LastUpgradeCheck = 1210;
				TargetAttributes = {
					794BE6E7255BC4CB00EACBAD = {
						CreatedOnToolsVersion = 12.1;
					};
				};
			};
			buildConfigurationList = 794BE6E3255BC4CB00EACBAD /* Build configuration list for PBXProject "WordQuiz" */;
			compatibilityVersion = "Xcode 9.3";
			developmentRegion = en;
			hasScannedForEncodings = 0;
			knownRegions = (
				en,
				Base,
			);
			mainGroup = 794BE6DF255BC4CB00EACBAD;
			productRefGroup = 794BE6E9255BC4CB00EACBAD /* Products */;
			projectDirPath = "";
			projectRoot = "";
			targets = (
				794BE6E7255BC4CB00EACBAD /* WordQuiz */,
			);
		};
/* End PBXProject section */

/* Begin PBXResourcesBuildPhase section */
		794BE6E6255BC4CB00EACBAD /* Resources */ = {
			isa = PBXResourcesBuildPhase;
			buildActionMask = 2147483647;
			files = (
				794BE6F8255BC4CE00EACBAD /* LaunchScreen.storyboard in Resources */,
				794BE6F5255BC4CE00EACBAD /* Assets.xcassets in Resources */,
				794BE6F3255BC4CB00EACBAD /* Main.storyboard in Resources */,
			);
			runOnlyForDeploymentPostprocessing = 0;
		};
/* End PBXResourcesBuildPhase section */

/* Begin PBXSourcesBuildPhase section */
		794BE6E4255BC4CB00EACBAD /* Sources */ = {
			isa = PBXSourcesBuildPhase;
			buildActionMask = 2147483647;
			files = (
				794BE6F0255BC4CB00EACBAD /* ViewController.swift in Sources */,
				794BE6EC255BC4CB00EACBAD /* AppDelegate.swift in Sources */,
				794BE701255BCBB900EACBAD /* Quiz.swift in Sources */,
				794BE6EE255BC4CB00EACBAD /* SceneDelegate.swift in Sources */,
			);
			runOnlyForDeploymentPostprocessing = 0;
		};
/* End PBXSourcesBuildPhase section */

/* Begin PBXVariantGroup section */
		794BE6F1255BC4CB00EACBAD /* Main.storyboard */ = {
			isa = PBXVariantGroup;
			children = (
				794BE6F2255BC4CB00EACBAD /* Base */,
			);
			name = Main.storyboard;
			sourceTree = "<group>";
		};
		794BE6F6255BC4CE00EACBAD /* LaunchScreen.storyboard */ = {
			isa = PBXVariantGroup;
			children = (
				794BE6F7255BC4CE00EACBAD /* Base */,
			);
			name = LaunchScreen.storyboard;
			sourceTree = "<group>";
		};
/* End PBXVariantGroup section */

/* Begin XCBuildConfiguration section */
		794BE6FA255BC4CE00EACBAD /* Debug */ = {
			isa = XCBuildConfiguration;
			buildSettings = {
				ALWAYS_SEARCH_USER_PATHS = NO;
				CLANG_ANALYZER_NONNULL = YES;
				CLANG_ANALYZER_NUMBER_OBJECT_CONVERSION = YES_AGGRESSIVE;
				CLANG_CXX_LANGUAGE_STANDARD = "gnu++14";
				CLANG_CXX_LIBRARY = "libc++";
				CLANG_ENABLE_MODULES = YES;
				CLANG_ENABLE_OBJC_ARC = YES;
				CLANG_ENABLE_OBJC_WEAK = YES;
				CLANG_WARN_BLOCK_CAPTURE_AUTORELEASING = YES;
				CLANG_WARN_BOOL_CONVERSION = YES;
				CLANG_WARN_COMMA = YES;
				CLANG_WARN_CONSTANT_CONVERSION = YES;
				CLANG_WARN_DEPRECATED_OBJC_IMPLEMENTATIONS = YES;
				CLANG_WARN_DIRECT_OBJC_ISA_USAGE = YES_ERROR;
				CLANG_WARN_DOCUMENTATION_COMMENTS = YES;
				CLANG_WARN_EMPTY_BODY = YES;
				CLANG_WARN_ENUM_CONVERSION = YES;
				CLANG_WARN_INFINITE_RECURSION = YES;
				CLANG_WARN_INT_CONVERSION = YES;
				CLANG_WARN_NON_LITERAL_NULL_CONVERSION = YES;
				CLANG_WARN_OBJC_IMPLICIT_RETAIN_SELF = YES;
				CLANG_WARN_OBJC_LITERAL_CONVERSION = YES;
				CLANG_WARN_OBJC_ROOT_CLASS = YES_ERROR;
				CLANG_WARN_QUOTED_INCLUDE_IN_FRAMEWORK_HEADER = YES;
				CLANG_WARN_RANGE_LOOP_ANALYSIS = YES;
				CLANG_WARN_STRICT_PROTOTYPES = YES;
				CLANG_WARN_SUSPICIOUS_MOVE = YES;
				CLANG_WARN_UNGUARDED_AVAILABILITY = YES_AGGRESSIVE;
				CLANG_WARN_UNREACHABLE_CODE = YES;
				CLANG_WARN__DUPLICATE_METHOD_MATCH = YES;
				COPY_PHASE_STRIP = NO;
				DEBUG_INFORMATION_FORMAT = dwarf;
				ENABLE_STRICT_OBJC_MSGSEND = YES;
				ENABLE_TESTABILITY = YES;
				GCC_C_LANGUAGE_STANDARD = gnu11;
				GCC_DYNAMIC_NO_PIC = NO;
				GCC_NO_COMMON_BLOCKS = YES;
				GCC_OPTIMIZATION_LEVEL = 0;
				GCC_PREPROCESSOR_DEFINITIONS = (
					"DEBUG=1",
					"$(inherited)",
				);
				GCC_WARN_64_TO_32_BIT_CONVERSION = YES;
				GCC_WARN_ABOUT_RETURN_TYPE = YES_ERROR;
				GCC_WARN_UNDECLARED_SELECTOR = YES;
				GCC_WARN_UNINITIALIZED_AUTOS = YES_AGGRESSIVE;
				GCC_WARN_UNUSED_FUNCTION = YES;
				GCC_WARN_UNUSED_VARIABLE = YES;
				IPHONEOS_DEPLOYMENT_TARGET = 14.1;
				MTL_ENABLE_DEBUG_INFO = INCLUDE_SOURCE;
				MTL_FAST_MATH = YES;
				ONLY_ACTIVE_ARCH = YES;
				SDKROOT = iphoneos;
				SWIFT_ACTIVE_COMPILATION_CONDITIONS = DEBUG;
				SWIFT_OPTIMIZATION_LEVEL = "-Onone";
			};
			name = Debug;
		};
		794BE6FB255BC4CE00EACBAD /* Release */ = {
			isa = XCBuildConfiguration;
			buildSettings = {
				ALWAYS_SEARCH_USER_PATHS = NO;
				CLANG_ANALYZER_NONNULL = YES;
				CLANG_ANALYZER_NUMBER_OBJECT_CONVERSION = YES_AGGRESSIVE;
				CLANG_CXX_LANGUAGE_STANDARD = "gnu++14";
				CLANG_CXX_LIBRARY = "libc++";
				CLANG_ENABLE_MODULES = YES;
				CLANG_ENABLE_OBJC_ARC = YES;
				CLANG_ENABLE_OBJC_WEAK = YES;
				CLANG_WARN_BLOCK_CAPTURE_AUTORELEASING = YES;
				CLANG_WARN_BOOL_CONVERSION = YES;
				CLANG_WARN_COMMA = YES;
				CLANG_WARN_CONSTANT_CONVERSION = YES;
				CLANG_WARN_DEPRECATED_OBJC_IMPLEMENTATIONS = YES;
				CLANG_WARN_DIRECT_OBJC_ISA_USAGE = YES_ERROR;
				CLANG_WARN_DOCUMENTATION_COMMENTS = YES;
				CLANG_WARN_EMPTY_BODY = YES;
				CLANG_WARN_ENUM_CONVERSION = YES;
				CLANG_WARN_INFINITE_RECURSION = YES;
				CLANG_WARN_INT_CONVERSION = YES;
				CLANG_WARN_NON_LITERAL_NULL_CONVERSION = YES;
				CLANG_WARN_OBJC_IMPLICIT_RETAIN_SELF = YES;
				CLANG_WARN_OBJC_LITERAL_CONVERSION = YES;
				CLANG_WARN_OBJC_ROOT_CLASS = YES_ERROR;
				CLANG_WARN_QUOTED_INCLUDE_IN_FRAMEWORK_HEADER = YES;
				CLANG_WARN_RANGE_LOOP_ANALYSIS = YES;
				CLANG_WARN_STRICT_PROTOTYPES = YES;
				CLANG_WARN_SUSPICIOUS_MOVE = YES;
				CLANG_WARN_UNGUARDED_AVAILABILITY = YES_AGGRESSIVE;
				CLANG_WARN_UNREACHABLE_CODE = YES;
				CLANG_WARN__DUPLICATE_METHOD_MATCH = YES;
				COPY_PHASE_STRIP = NO;
				DEBUG_INFORMATION_FORMAT = "dwarf-with-dsym";
				ENABLE_NS_ASSERTIONS = NO;
				ENABLE_STRICT_OBJC_MSGSEND = YES;
				GCC_C_LANGUAGE_STANDARD = gnu11;
				GCC_NO_COMMON_BLOCKS = YES;
				GCC_WARN_64_TO_32_BIT_CONVERSION = YES;
				GCC_WARN_ABOUT_RETURN_TYPE = YES_ERROR;
				GCC_WARN_UNDECLARED_SELECTOR = YES;
				GCC_WARN_UNINITIALIZED_AUTOS = YES_AGGRESSIVE;
				GCC_WARN_UNUSED_FUNCTION = YES;
				GCC_WARN_UNUSED_VARIABLE = YES;
				IPHONEOS_DEPLOYMENT_TARGET = 14.1;
				MTL_ENABLE_DEBUG_INFO = NO;
				MTL_FAST_MATH = YES;
				SDKROOT = iphoneos;
				SWIFT_COMPILATION_MODE = wholemodule;
				SWIFT_OPTIMIZATION_LEVEL = "-O";
				VALIDATE_PRODUCT = YES;
			};
			name = Release;
		};
		794BE6FD255BC4CE00EACBAD /* Debug */ = {
			isa = XCBuildConfiguration;
			buildSettings = {
				ASSETCATALOG_COMPILER_APPICON_NAME = AppIcon;
				ASSETCATALOG_COMPILER_GLOBAL_ACCENT_COLOR_NAME = AccentColor;
				CODE_SIGN_STYLE = Automatic;
				DEVELOPMENT_TEAM = NY37VGJ3HF;
				INFOPLIST_FILE = WordQuiz/Info.plist;
				LD_RUNPATH_SEARCH_PATHS = (
					"$(inherited)",
					"@executable_path/Frameworks",
				);
				PRODUCT_BUNDLE_IDENTIFIER = kr.okstring.WordQuiz;
				PRODUCT_NAME = "$(TARGET_NAME)";
				SWIFT_VERSION = 5.0;
				TARGETED_DEVICE_FAMILY = "1,2";
			};
			name = Debug;
		};
		794BE6FE255BC4CE00EACBAD /* Release */ = {
			isa = XCBuildConfiguration;
			buildSettings = {
				ASSETCATALOG_COMPILER_APPICON_NAME = AppIcon;
				ASSETCATALOG_COMPILER_GLOBAL_ACCENT_COLOR_NAME = AccentColor;
				CODE_SIGN_STYLE = Automatic;
				DEVELOPMENT_TEAM = NY37VGJ3HF;
				INFOPLIST_FILE = WordQuiz/Info.plist;
				LD_RUNPATH_SEARCH_PATHS = (
					"$(inherited)",
					"@executable_path/Frameworks",
				);
				PRODUCT_BUNDLE_IDENTIFIER = kr.okstring.WordQuiz;
				PRODUCT_NAME = "$(TARGET_NAME)";
				SWIFT_VERSION = 5.0;
				TARGETED_DEVICE_FAMILY = "1,2";
			};
			name = Release;
		};
/* End XCBuildConfiguration section */

/* Begin XCConfigurationList section */
		794BE6E3255BC4CB00EACBAD /* Build configuration list for PBXProject "WordQuiz" */ = {
			isa = XCConfigurationList;
			buildConfigurations = (
				794BE6FA255BC4CE00EACBAD /* Debug */,
				794BE6FB255BC4CE00EACBAD /* Release */,
			);
			defaultConfigurationIsVisible = 0;
			defaultConfigurationName = Release;
		};
		794BE6FC255BC4CE00EACBAD /* Build configuration list for PBXNativeTarget "WordQuiz" */ = {
			isa = XCConfigurationList;
			buildConfigurations = (
				794BE6FD255BC4CE00EACBAD /* Debug */,
				794BE6FE255BC4CE00EACBAD /* Release */,
			);
			defaultConfigurationIsVisible = 0;
			defaultConfigurationName = Release;
		};
/* End XCConfigurationList section */
	};
	rootObject = 794BE6E0255BC4CB00EACBAD /* Project object */;
}
